<?xml version="1.0" encoding="UTF-8" standalone="yes" ?>
<CodeBlocks_project_file>
   <FileVersion major="1" minor="6" />
   <Project>
      <Option title="Terrain" />
      <Option makefile_is_custom="1" />
      <Option compiler="gcc" />
      <Option virtualFolders="CMake Files\;CMake Files\..\;CMake Files\..\..\;CMake Files\..\..\..\;CMake Files\..\..\..\..\;CMake Files\..\..\..\..\..\;CMake Files\..\..\..\..\..\..\;CMake Files\..\..\..\..\..\..\..\;CMake Files\..\..\..\..\..\..\..\..\;CMake Files\..\..\..\..\..\..\..\..\usr\;CMake Files\..\..\..\..\..\..\..\..\usr\local\;CMake Files\..\..\..\..\..\..\..\..\usr\local\share\;CMake Files\..\..\..\..\..\..\..\..\usr\local\share\OpenCV\;" />
      <Build>
      <Target title="all">
         <Option working_dir="/home/colas/Programmation/M1INF1415/Image/Synthese/TD/3TD" />
         <Option type="4" />
         <MakeCommands>
            <Build command="/usr/bin/make -f &quot;/home/colas/Programmation/M1INF1415/Image/Synthese/TD/3TD/Makefile&quot;  VERBOSE=1 all" />
            <CompileFile command="/usr/bin/make -f &quot;/home/colas/Programmation/M1INF1415/Image/Synthese/TD/3TD/Makefile&quot;  VERBOSE=1 &quot;$file&quot;" />
            <Clean command="/usr/bin/make -f &quot;/home/colas/Programmation/M1INF1415/Image/Synthese/TD/3TD/Makefile&quot;  VERBOSE=1 clean" />
            <DistClean command="/usr/bin/make -f &quot;/home/colas/Programmation/M1INF1415/Image/Synthese/TD/3TD/Makefile&quot;  VERBOSE=1 clean" />
         </MakeCommands>
      </Target>
      <Target title="Terrain">
         <Option output="/home/colas/Programmation/M1INF1415/Image/Synthese/TD/3TD/Terrain" prefix_auto="0" extension_auto="0" />
         <Option working_dir="/home/colas/Programmation/M1INF1415/Image/Synthese/TD/3TD" />
         <Option object_output="./" />
         <Option type="1" />
         <Option compiler="gcc" />
         <Compiler>
            <Add directory="/Locals/OpenCV-2.4.10/include" />
            <Add directory="/usr/local/include" />
            <Add directory="/usr/local/include/opencv" />
         </Compiler>
         <MakeCommands>
            <Build command="/usr/bin/make -f &quot;/home/colas/Programmation/M1INF1415/Image/Synthese/TD/3TD/Makefile&quot;  VERBOSE=1 Terrain" />
            <CompileFile command="/usr/bin/make -f &quot;/home/colas/Programmation/M1INF1415/Image/Synthese/TD/3TD/Makefile&quot;  VERBOSE=1 &quot;$file&quot;" />
            <Clean command="/usr/bin/make -f &quot;/home/colas/Programmation/M1INF1415/Image/Synthese/TD/3TD/Makefile&quot;  VERBOSE=1 clean" />
            <DistClean command="/usr/bin/make -f &quot;/home/colas/Programmation/M1INF1415/Image/Synthese/TD/3TD/Makefile&quot;  VERBOSE=1 clean" />
         </MakeCommands>
      </Target>
      <Target title="Terrain/fast">
         <Option output="/home/colas/Programmation/M1INF1415/Image/Synthese/TD/3TD/Terrain" prefix_auto="0" extension_auto="0" />
         <Option working_dir="/home/colas/Programmation/M1INF1415/Image/Synthese/TD/3TD" />
         <Option object_output="./" />
         <Option type="1" />
         <Option compiler="gcc" />
         <Compiler>
            <Add directory="/Locals/OpenCV-2.4.10/include" />
            <Add directory="/usr/local/include" />
            <Add directory="/usr/local/include/opencv" />
         </Compiler>
         <MakeCommands>
            <Build command="/usr/bin/make -f &quot;/home/colas/Programmation/M1INF1415/Image/Synthese/TD/3TD/Makefile&quot;  VERBOSE=1 Terrain/fast" />
            <CompileFile command="/usr/bin/make -f &quot;/home/colas/Programmation/M1INF1415/Image/Synthese/TD/3TD/Makefile&quot;  VERBOSE=1 &quot;$file&quot;" />
            <Clean command="/usr/bin/make -f &quot;/home/colas/Programmation/M1INF1415/Image/Synthese/TD/3TD/Makefile&quot;  VERBOSE=1 clean" />
            <DistClean command="/usr/bin/make -f &quot;/home/colas/Programmation/M1INF1415/Image/Synthese/TD/3TD/Makefile&quot;  VERBOSE=1 clean" />
         </MakeCommands>
      </Target>
      <Target title="rebuild_cache">
         <Option working_dir="/home/colas/Programmation/M1INF1415/Image/Synthese/TD/3TD" />
         <Option type="4" />
         <MakeCommands>
            <Build command="/usr/bin/make -f &quot;/home/colas/Programmation/M1INF1415/Image/Synthese/TD/3TD/Makefile&quot;  VERBOSE=1 rebuild_cache" />
            <CompileFile command="/usr/bin/make -f &quot;/home/colas/Programmation/M1INF1415/Image/Synthese/TD/3TD/Makefile&quot;  VERBOSE=1 &quot;$file&quot;" />
            <Clean command="/usr/bin/make -f &quot;/home/colas/Programmation/M1INF1415/Image/Synthese/TD/3TD/Makefile&quot;  VERBOSE=1 clean" />
            <DistClean command="/usr/bin/make -f &quot;/home/colas/Programmation/M1INF1415/Image/Synthese/TD/3TD/Makefile&quot;  VERBOSE=1 clean" />
         </MakeCommands>
      </Target>
      </Build>
      <Unit filename="/home/colas/Programmation/M1INF1415/Image/Synthese/TD/3TD/main.cpp">
      </Unit>
      <Unit filename="/home/colas/Programmation/M1INF1415/Image/Synthese/TD/3TD/outils.cpp">
      </Unit>
      <Unit filename="/home/colas/Programmation/M1INF1415/Image/Synthese/TD/3TD/td.cpp">
      </Unit>
      <Unit filename="/home/colas/Programmation/M1INF1415/Image/Synthese/TD/3TD/terrain.cpp">
      </Unit>
      <Unit filename="/home/colas/Programmation/M1INF1415/Image/Synthese/TD/3TD/tree.cpp">
      </Unit>
      <Unit filename="/home/colas/Programmation/M1INF1415/Image/Synthese/TD/3TD/outils.hpp">
      </Unit>
      <Unit filename="/home/colas/Programmation/M1INF1415/Image/Synthese/TD/3TD/td.hpp">
      </Unit>
      <Unit filename="/home/colas/Programmation/M1INF1415/Image/Synthese/TD/3TD/terrain.hpp">
      </Unit>
      <Unit filename="/home/colas/Programmation/M1INF1415/Image/Synthese/TD/3TD/tree.h">
      </Unit>
      <Unit filename="/home/colas/Programmation/M1INF1415/Image/Synthese/TD/3TD/CMakeLists.txt">
          <Option virtualFolder="CMake Files\" />
      </Unit>
      <Unit filename="/home/colas/Programmation/M1INF1415/Image/Synthese/TD/3TD/../../../../../../../../usr/local/share/OpenCV/OpenCVConfig-version.cmake">
          <Option virtualFolder="CMake Files\..\..\..\..\..\..\..\..\usr\local\share\OpenCV\" />
      </Unit>
      <Unit filename="/home/colas/Programmation/M1INF1415/Image/Synthese/TD/3TD/../../../../../../../../usr/local/share/OpenCV/OpenCVConfig.cmake">
          <Option virtualFolder="CMake Files\..\..\..\..\..\..\..\..\usr\local\share\OpenCV\" />
      </Unit>
      <Unit filename="/home/colas/Programmation/M1INF1415/Image/Synthese/TD/3TD/../../../../../../../../usr/local/share/OpenCV/OpenCVModules.cmake">
          <Option virtualFolder="CMake Files\..\..\..\..\..\..\..\..\usr\local\share\OpenCV\" />
      </Unit>
      <Unit filename="/home/colas/Programmation/M1INF1415/Image/Synthese/TD/3TD/../../../../../../../../usr/local/share/OpenCV/OpenCVModules-release.cmake">
          <Option virtualFolder="CMake Files\..\..\..\..\..\..\..\..\usr\local\share\OpenCV\" />
      </Unit>
   </Project>
</CodeBlocks_project_file>
